// !$*UTF8*$!
{
	archiveVersion = 1;
	classes = {
	};
	objectVersion = 55;
	objects = {

/* Begin PBXBuildFile section */
		FA328F852705A0DE00561570 /* BaseViewController.swift in Sources */ = {isa = PBXBuildFile; fileRef = FA328F842705A0DE00561570 /* BaseViewController.swift */; };
		FA328F992705B11100561570 /* BaseViewModel.swift in Sources */ = {isa = PBXBuildFile; fileRef = FA328F982705B11100561570 /* BaseViewModel.swift */; };
		FA4272D327B2894100BA25FB /* NetworkConstants.swift in Sources */ = {isa = PBXBuildFile; fileRef = FA4272D227B2894100BA25FB /* NetworkConstants.swift */; };
		FA4272D527B294BE00BA25FB /* Service.swift in Sources */ = {isa = PBXBuildFile; fileRef = FA4272D427B294BE00BA25FB /* Service.swift */; };
		FA4272D827B294F700BA25FB /* Localizable.strings in Resources */ = {isa = PBXBuildFile; fileRef = FA4272D727B294F700BA25FB /* Localizable.strings */; };
		FA4272DF27B2962700BA25FB /* Int.swift in Sources */ = {isa = PBXBuildFile; fileRef = FA4272DE27B2962700BA25FB /* Int.swift */; };
		FA4272E127B2963700BA25FB /* CGFloat.swift in Sources */ = {isa = PBXBuildFile; fileRef = FA4272E027B2963700BA25FB /* CGFloat.swift */; };
		FA4272E327B2964600BA25FB /* String.swift in Sources */ = {isa = PBXBuildFile; fileRef = FA4272E227B2964600BA25FB /* String.swift */; };
		FA4272E627B2968900BA25FB /* UIFont.swift in Sources */ = {isa = PBXBuildFile; fileRef = FA4272E527B2968900BA25FB /* UIFont.swift */; };
		FA4272EB27B296A600BA25FB /* Poppins-Regular.ttf in Resources */ = {isa = PBXBuildFile; fileRef = FA4272E727B296A500BA25FB /* Poppins-Regular.ttf */; };
		FA4272EC27B296A600BA25FB /* Poppins-Medium.ttf in Resources */ = {isa = PBXBuildFile; fileRef = FA4272E827B296A500BA25FB /* Poppins-Medium.ttf */; };
		FA4272ED27B296A600BA25FB /* Poppins-Bold.ttf in Resources */ = {isa = PBXBuildFile; fileRef = FA4272E927B296A600BA25FB /* Poppins-Bold.ttf */; };
		FA4272EE27B296A600BA25FB /* Poppins-SemiBold.ttf in Resources */ = {isa = PBXBuildFile; fileRef = FA4272EA27B296A600BA25FB /* Poppins-SemiBold.ttf */; };
		FA4272F027B296B400BA25FB /* UIColor.swift in Sources */ = {isa = PBXBuildFile; fileRef = FA4272EF27B296B400BA25FB /* UIColor.swift */; };
		FA4272F327B296DD00BA25FB /* UIApplication.swift in Sources */ = {isa = PBXBuildFile; fileRef = FA4272F227B296DD00BA25FB /* UIApplication.swift */; };
		FA4272F527B296EB00BA25FB /* UIView.swift in Sources */ = {isa = PBXBuildFile; fileRef = FA4272F427B296EB00BA25FB /* UIView.swift */; };
		FA4272F727B296F900BA25FB /* UIViewController.swift in Sources */ = {isa = PBXBuildFile; fileRef = FA4272F627B296F900BA25FB /* UIViewController.swift */; };
		FA4272F927B2970600BA25FB /* UIImageView.swift in Sources */ = {isa = PBXBuildFile; fileRef = FA4272F827B2970600BA25FB /* UIImageView.swift */; };
		FA4272FB27B2971400BA25FB /* UITableView.swift in Sources */ = {isa = PBXBuildFile; fileRef = FA4272FA27B2971400BA25FB /* UITableView.swift */; };
		FA4272FD27B2972000BA25FB /* UICollectionView.swift in Sources */ = {isa = PBXBuildFile; fileRef = FA4272FC27B2972000BA25FB /* UICollectionView.swift */; };
		FA42730027B2975F00BA25FB /* View.swift in Sources */ = {isa = PBXBuildFile; fileRef = FA4272FF27B2975F00BA25FB /* View.swift */; };
		FA42730227B2977D00BA25FB /* Label.swift in Sources */ = {isa = PBXBuildFile; fileRef = FA42730127B2977D00BA25FB /* Label.swift */; };
		FA42730427B2978B00BA25FB /* Button.swift in Sources */ = {isa = PBXBuildFile; fileRef = FA42730327B2978B00BA25FB /* Button.swift */; };
		FA42730627B2979800BA25FB /* ImageView.swift in Sources */ = {isa = PBXBuildFile; fileRef = FA42730527B2979800BA25FB /* ImageView.swift */; };
		FA42730827B297A400BA25FB /* TableView.swift in Sources */ = {isa = PBXBuildFile; fileRef = FA42730727B297A400BA25FB /* TableView.swift */; };
		FA42730A27B297BB00BA25FB /* CollectionView.swift in Sources */ = {isa = PBXBuildFile; fileRef = FA42730927B297BB00BA25FB /* CollectionView.swift */; };
		FA42730C27B2980900BA25FB /* NavigationManager.swift in Sources */ = {isa = PBXBuildFile; fileRef = FA42730B27B2980900BA25FB /* NavigationManager.swift */; };
		FA42730E27B2982E00BA25FB /* Spinner.swift in Sources */ = {isa = PBXBuildFile; fileRef = FA42730D27B2982E00BA25FB /* Spinner.swift */; };
		FA42731127B298C900BA25FB /* Alamofire in Frameworks */ = {isa = PBXBuildFile; productRef = FA42731027B298C900BA25FB /* Alamofire */; };
		FA42731427B298E300BA25FB /* SDWebImage in Frameworks */ = {isa = PBXBuildFile; productRef = FA42731327B298E300BA25FB /* SDWebImage */; };
		FA42731627B29A8500BA25FB /* NavigationController.swift in Sources */ = {isa = PBXBuildFile; fileRef = FA42731527B29A8500BA25FB /* NavigationController.swift */; };
		FA42731927B29C4E00BA25FB /* SplashViewModel.swift in Sources */ = {isa = PBXBuildFile; fileRef = FA42731827B29C4E00BA25FB /* SplashViewModel.swift */; };
		FA42731B27B29C5C00BA25FB /* SplashViewController.swift in Sources */ = {isa = PBXBuildFile; fileRef = FA42731A27B29C5C00BA25FB /* SplashViewController.swift */; };
		FA42731F27B29CC500BA25FB /* HomeTableViewCell.swift in Sources */ = {isa = PBXBuildFile; fileRef = FA42731E27B29CC500BA25FB /* HomeTableViewCell.swift */; };
		FA42732127B29CE900BA25FB /* HomeViewModel.swift in Sources */ = {isa = PBXBuildFile; fileRef = FA42732027B29CE900BA25FB /* HomeViewModel.swift */; };
		FA42732327B29CF800BA25FB /* HomeViewController.swift in Sources */ = {isa = PBXBuildFile; fileRef = FA42732227B29CF800BA25FB /* HomeViewController.swift */; };
		FA42732627B29DAF00BA25FB /* BreedService.swift in Sources */ = {isa = PBXBuildFile; fileRef = FA42732527B29DAF00BA25FB /* BreedService.swift */; };
		FA42732927B2A17200BA25FB /* Breed.swift in Sources */ = {isa = PBXBuildFile; fileRef = FA42732827B2A17200BA25FB /* Breed.swift */; };
		FA42732B27B2A26900BA25FB /* AlertController.swift in Sources */ = {isa = PBXBuildFile; fileRef = FA42732A27B2A26900BA25FB /* AlertController.swift */; };
		FA42732E27B2A56700BA25FB /* ShakeViewController.swift in Sources */ = {isa = PBXBuildFile; fileRef = FA42732D27B2A56700BA25FB /* ShakeViewController.swift */; };
		FA42733127B2A58300BA25FB /* ShakeModel.swift in Sources */ = {isa = PBXBuildFile; fileRef = FA42733027B2A58300BA25FB /* ShakeModel.swift */; };
		FA42733327B2A59E00BA25FB /* RequestDetailViewController.swift in Sources */ = {isa = PBXBuildFile; fileRef = FA42733227B2A59E00BA25FB /* RequestDetailViewController.swift */; };
		FA42733527B2A66300BA25FB /* StackView.swift in Sources */ = {isa = PBXBuildFile; fileRef = FA42733427B2A66300BA25FB /* StackView.swift */; };
		FA42733727B2A6FC00BA25FB /* TextView.swift in Sources */ = {isa = PBXBuildFile; fileRef = FA42733627B2A6FC00BA25FB /* TextView.swift */; };
		FA42733927B2A72700BA25FB /* NSMutableAttributedString.swift in Sources */ = {isa = PBXBuildFile; fileRef = FA42733827B2A72700BA25FB /* NSMutableAttributedString.swift */; };
		FA42733B27B2A74E00BA25FB /* NSObject.swift in Sources */ = {isa = PBXBuildFile; fileRef = FA42733A27B2A74E00BA25FB /* NSObject.swift */; };
		FA42733D27B2A75C00BA25FB /* Bundle.swift in Sources */ = {isa = PBXBuildFile; fileRef = FA42733C27B2A75C00BA25FB /* Bundle.swift */; };
		FAEC09E52701F3DB007AD8A8 /* AppDelegate.swift in Sources */ = {isa = PBXBuildFile; fileRef = FAEC09E42701F3DB007AD8A8 /* AppDelegate.swift */; };
		FAEC09E72701F3DB007AD8A8 /* SceneDelegate.swift in Sources */ = {isa = PBXBuildFile; fileRef = FAEC09E62701F3DB007AD8A8 /* SceneDelegate.swift */; };
		FAEC09EE2701F3DF007AD8A8 /* Assets.xcassets in Resources */ = {isa = PBXBuildFile; fileRef = FAEC09ED2701F3DF007AD8A8 /* Assets.xcassets */; };
		FAEC09F12701F3DF007AD8A8 /* LaunchScreen.storyboard in Resources */ = {isa = PBXBuildFile; fileRef = FAEC09EF2701F3DF007AD8A8 /* LaunchScreen.storyboard */; };
		FAEC09FC2701F3DF007AD8A8 /* SampleTests.swift in Sources */ = {isa = PBXBuildFile; fileRef = FAEC09FB2701F3DF007AD8A8 /* SampleTests.swift */; };
		FAEC0A062701F3DF007AD8A8 /* SampleUITests.swift in Sources */ = {isa = PBXBuildFile; fileRef = FAEC0A052701F3DF007AD8A8 /* SampleUITests.swift */; };
		FAEC0A082701F3DF007AD8A8 /* SampleUITestsLaunchTests.swift in Sources */ = {isa = PBXBuildFile; fileRef = FAEC0A072701F3DF007AD8A8 /* SampleUITestsLaunchTests.swift */; };
		FAEC0A212701F5FE007AD8A8 /* Constants.swift in Sources */ = {isa = PBXBuildFile; fileRef = FAEC0A202701F5FE007AD8A8 /* Constants.swift */; };
		FAEC0A2D2701F791007AD8A8 /* HelperMethods.swift in Sources */ = {isa = PBXBuildFile; fileRef = FAEC0A2C2701F791007AD8A8 /* HelperMethods.swift */; };
		FAEC0A4A2701FC1C007AD8A8 /* MATextField.swift in Sources */ = {isa = PBXBuildFile; fileRef = FAEC0A492701FC1C007AD8A8 /* MATextField.swift */; };
		FAEC0A4C2701FC50007AD8A8 /* FloatRatingView.swift in Sources */ = {isa = PBXBuildFile; fileRef = FAEC0A4B2701FC50007AD8A8 /* FloatRatingView.swift */; };
		FAEC0A532701FF2B007AD8A8 /* ImagePickerManager.swift in Sources */ = {isa = PBXBuildFile; fileRef = FAEC0A522701FF2B007AD8A8 /* ImagePickerManager.swift */; };
/* End PBXBuildFile section */

/* Begin PBXContainerItemProxy section */
		FAEC09F82701F3DF007AD8A8 /* PBXContainerItemProxy */ = {
			isa = PBXContainerItemProxy;
			containerPortal = FAEC09D92701F3DB007AD8A8 /* Project object */;
			proxyType = 1;
			remoteGlobalIDString = FAEC09E02701F3DB007AD8A8;
			remoteInfo = Sample;
		};
		FAEC0A022701F3DF007AD8A8 /* PBXContainerItemProxy */ = {
			isa = PBXContainerItemProxy;
			containerPortal = FAEC09D92701F3DB007AD8A8 /* Project object */;
			proxyType = 1;
			remoteGlobalIDString = FAEC09E02701F3DB007AD8A8;
			remoteInfo = Sample;
		};
/* End PBXContainerItemProxy section */

/* Begin PBXFileReference section */
		FA328F842705A0DE00561570 /* BaseViewController.swift */ = {isa = PBXFileReference; lastKnownFileType = sourcecode.swift; path = BaseViewController.swift; sourceTree = "<group>"; };
		FA328F982705B11100561570 /* BaseViewModel.swift */ = {isa = PBXFileReference; lastKnownFileType = sourcecode.swift; path = BaseViewModel.swift; sourceTree = "<group>"; };
		FA4272D227B2894100BA25FB /* NetworkConstants.swift */ = {isa = PBXFileReference; lastKnownFileType = sourcecode.swift; path = NetworkConstants.swift; sourceTree = "<group>"; };
		FA4272D427B294BE00BA25FB /* Service.swift */ = {isa = PBXFileReference; lastKnownFileType = sourcecode.swift; path = Service.swift; sourceTree = "<group>"; };
		FA4272D727B294F700BA25FB /* Localizable.strings */ = {isa = PBXFileReference; lastKnownFileType = text.plist.strings; path = Localizable.strings; sourceTree = "<group>"; };
		FA4272DE27B2962700BA25FB /* Int.swift */ = {isa = PBXFileReference; lastKnownFileType = sourcecode.swift; path = Int.swift; sourceTree = "<group>"; };
		FA4272E027B2963700BA25FB /* CGFloat.swift */ = {isa = PBXFileReference; lastKnownFileType = sourcecode.swift; path = CGFloat.swift; sourceTree = "<group>"; };
		FA4272E227B2964600BA25FB /* String.swift */ = {isa = PBXFileReference; lastKnownFileType = sourcecode.swift; path = String.swift; sourceTree = "<group>"; };
		FA4272E527B2968900BA25FB /* UIFont.swift */ = {isa = PBXFileReference; lastKnownFileType = sourcecode.swift; path = UIFont.swift; sourceTree = "<group>"; };
		FA4272E727B296A500BA25FB /* Poppins-Regular.ttf */ = {isa = PBXFileReference; lastKnownFileType = file; path = "Poppins-Regular.ttf"; sourceTree = "<group>"; };
		FA4272E827B296A500BA25FB /* Poppins-Medium.ttf */ = {isa = PBXFileReference; lastKnownFileType = file; path = "Poppins-Medium.ttf"; sourceTree = "<group>"; };
		FA4272E927B296A600BA25FB /* Poppins-Bold.ttf */ = {isa = PBXFileReference; lastKnownFileType = file; path = "Poppins-Bold.ttf"; sourceTree = "<group>"; };
		FA4272EA27B296A600BA25FB /* Poppins-SemiBold.ttf */ = {isa = PBXFileReference; lastKnownFileType = file; path = "Poppins-SemiBold.ttf"; sourceTree = "<group>"; };
		FA4272EF27B296B400BA25FB /* UIColor.swift */ = {isa = PBXFileReference; lastKnownFileType = sourcecode.swift; path = UIColor.swift; sourceTree = "<group>"; };
		FA4272F227B296DD00BA25FB /* UIApplication.swift */ = {isa = PBXFileReference; lastKnownFileType = sourcecode.swift; path = UIApplication.swift; sourceTree = "<group>"; };
		FA4272F427B296EB00BA25FB /* UIView.swift */ = {isa = PBXFileReference; lastKnownFileType = sourcecode.swift; path = UIView.swift; sourceTree = "<group>"; };
		FA4272F627B296F900BA25FB /* UIViewController.swift */ = {isa = PBXFileReference; lastKnownFileType = sourcecode.swift; path = UIViewController.swift; sourceTree = "<group>"; };
		FA4272F827B2970600BA25FB /* UIImageView.swift */ = {isa = PBXFileReference; lastKnownFileType = sourcecode.swift; path = UIImageView.swift; sourceTree = "<group>"; };
		FA4272FA27B2971400BA25FB /* UITableView.swift */ = {isa = PBXFileReference; lastKnownFileType = sourcecode.swift; path = UITableView.swift; sourceTree = "<group>"; };
		FA4272FC27B2972000BA25FB /* UICollectionView.swift */ = {isa = PBXFileReference; lastKnownFileType = sourcecode.swift; path = UICollectionView.swift; sourceTree = "<group>"; };
		FA4272FF27B2975F00BA25FB /* View.swift */ = {isa = PBXFileReference; lastKnownFileType = sourcecode.swift; path = View.swift; sourceTree = "<group>"; };
		FA42730127B2977D00BA25FB /* Label.swift */ = {isa = PBXFileReference; lastKnownFileType = sourcecode.swift; path = Label.swift; sourceTree = "<group>"; };
		FA42730327B2978B00BA25FB /* Button.swift */ = {isa = PBXFileReference; lastKnownFileType = sourcecode.swift; path = Button.swift; sourceTree = "<group>"; };
		FA42730527B2979800BA25FB /* ImageView.swift */ = {isa = PBXFileReference; lastKnownFileType = sourcecode.swift; path = ImageView.swift; sourceTree = "<group>"; };
		FA42730727B297A400BA25FB /* TableView.swift */ = {isa = PBXFileReference; lastKnownFileType = sourcecode.swift; path = TableView.swift; sourceTree = "<group>"; };
		FA42730927B297BB00BA25FB /* CollectionView.swift */ = {isa = PBXFileReference; lastKnownFileType = sourcecode.swift; path = CollectionView.swift; sourceTree = "<group>"; };
		FA42730B27B2980900BA25FB /* NavigationManager.swift */ = {isa = PBXFileReference; lastKnownFileType = sourcecode.swift; path = NavigationManager.swift; sourceTree = "<group>"; };
		FA42730D27B2982E00BA25FB /* Spinner.swift */ = {isa = PBXFileReference; lastKnownFileType = sourcecode.swift; path = Spinner.swift; sourceTree = "<group>"; };
		FA42731527B29A8500BA25FB /* NavigationController.swift */ = {isa = PBXFileReference; lastKnownFileType = sourcecode.swift; path = NavigationController.swift; sourceTree = "<group>"; };
		FA42731827B29C4E00BA25FB /* SplashViewModel.swift */ = {isa = PBXFileReference; lastKnownFileType = sourcecode.swift; path = SplashViewModel.swift; sourceTree = "<group>"; };
		FA42731A27B29C5C00BA25FB /* SplashViewController.swift */ = {isa = PBXFileReference; lastKnownFileType = sourcecode.swift; path = SplashViewController.swift; sourceTree = "<group>"; };
		FA42731E27B29CC500BA25FB /* HomeTableViewCell.swift */ = {isa = PBXFileReference; lastKnownFileType = sourcecode.swift; path = HomeTableViewCell.swift; sourceTree = "<group>"; };
		FA42732027B29CE900BA25FB /* HomeViewModel.swift */ = {isa = PBXFileReference; lastKnownFileType = sourcecode.swift; path = HomeViewModel.swift; sourceTree = "<group>"; };
		FA42732227B29CF800BA25FB /* HomeViewController.swift */ = {isa = PBXFileReference; lastKnownFileType = sourcecode.swift; path = HomeViewController.swift; sourceTree = "<group>"; };
		FA42732527B29DAF00BA25FB /* BreedService.swift */ = {isa = PBXFileReference; lastKnownFileType = sourcecode.swift; path = BreedService.swift; sourceTree = "<group>"; };
		FA42732827B2A17200BA25FB /* Breed.swift */ = {isa = PBXFileReference; lastKnownFileType = sourcecode.swift; path = Breed.swift; sourceTree = "<group>"; };
		FA42732A27B2A26900BA25FB /* AlertController.swift */ = {isa = PBXFileReference; lastKnownFileType = sourcecode.swift; path = AlertController.swift; sourceTree = "<group>"; };
		FA42732D27B2A56700BA25FB /* ShakeViewController.swift */ = {isa = PBXFileReference; lastKnownFileType = sourcecode.swift; path = ShakeViewController.swift; sourceTree = "<group>"; };
		FA42733027B2A58300BA25FB /* ShakeModel.swift */ = {isa = PBXFileReference; lastKnownFileType = sourcecode.swift; path = ShakeModel.swift; sourceTree = "<group>"; };
		FA42733227B2A59E00BA25FB /* RequestDetailViewController.swift */ = {isa = PBXFileReference; lastKnownFileType = sourcecode.swift; path = RequestDetailViewController.swift; sourceTree = "<group>"; };
		FA42733427B2A66300BA25FB /* StackView.swift */ = {isa = PBXFileReference; lastKnownFileType = sourcecode.swift; path = StackView.swift; sourceTree = "<group>"; };
		FA42733627B2A6FC00BA25FB /* TextView.swift */ = {isa = PBXFileReference; lastKnownFileType = sourcecode.swift; path = TextView.swift; sourceTree = "<group>"; };
		FA42733827B2A72700BA25FB /* NSMutableAttributedString.swift */ = {isa = PBXFileReference; lastKnownFileType = sourcecode.swift; path = NSMutableAttributedString.swift; sourceTree = "<group>"; };
		FA42733A27B2A74E00BA25FB /* NSObject.swift */ = {isa = PBXFileReference; lastKnownFileType = sourcecode.swift; path = NSObject.swift; sourceTree = "<group>"; };
		FA42733C27B2A75C00BA25FB /* Bundle.swift */ = {isa = PBXFileReference; lastKnownFileType = sourcecode.swift; path = Bundle.swift; sourceTree = "<group>"; };
		FAEC09E12701F3DB007AD8A8 /* Sample.app */ = {isa = PBXFileReference; explicitFileType = wrapper.application; includeInIndex = 0; path = Sample.app; sourceTree = BUILT_PRODUCTS_DIR; };
		FAEC09E42701F3DB007AD8A8 /* AppDelegate.swift */ = {isa = PBXFileReference; lastKnownFileType = sourcecode.swift; path = AppDelegate.swift; sourceTree = "<group>"; };
		FAEC09E62701F3DB007AD8A8 /* SceneDelegate.swift */ = {isa = PBXFileReference; lastKnownFileType = sourcecode.swift; path = SceneDelegate.swift; sourceTree = "<group>"; };
		FAEC09ED2701F3DF007AD8A8 /* Assets.xcassets */ = {isa = PBXFileReference; lastKnownFileType = folder.assetcatalog; path = Assets.xcassets; sourceTree = "<group>"; };
		FAEC09F02701F3DF007AD8A8 /* Base */ = {isa = PBXFileReference; lastKnownFileType = file.storyboard; name = Base; path = Base.lproj/LaunchScreen.storyboard; sourceTree = "<group>"; };
		FAEC09F22701F3DF007AD8A8 /* Info.plist */ = {isa = PBXFileReference; lastKnownFileType = text.plist.xml; path = Info.plist; sourceTree = "<group>"; };
		FAEC09F72701F3DF007AD8A8 /* SampleTests.xctest */ = {isa = PBXFileReference; explicitFileType = wrapper.cfbundle; includeInIndex = 0; path = SampleTests.xctest; sourceTree = BUILT_PRODUCTS_DIR; };
		FAEC09FB2701F3DF007AD8A8 /* SampleTests.swift */ = {isa = PBXFileReference; lastKnownFileType = sourcecode.swift; path = SampleTests.swift; sourceTree = "<group>"; };
		FAEC0A012701F3DF007AD8A8 /* SampleUITests.xctest */ = {isa = PBXFileReference; explicitFileType = wrapper.cfbundle; includeInIndex = 0; path = SampleUITests.xctest; sourceTree = BUILT_PRODUCTS_DIR; };
		FAEC0A052701F3DF007AD8A8 /* SampleUITests.swift */ = {isa = PBXFileReference; lastKnownFileType = sourcecode.swift; path = SampleUITests.swift; sourceTree = "<group>"; };
		FAEC0A072701F3DF007AD8A8 /* SampleUITestsLaunchTests.swift */ = {isa = PBXFileReference; lastKnownFileType = sourcecode.swift; path = SampleUITestsLaunchTests.swift; sourceTree = "<group>"; };
		FAEC0A202701F5FE007AD8A8 /* Constants.swift */ = {isa = PBXFileReference; lastKnownFileType = sourcecode.swift; path = Constants.swift; sourceTree = "<group>"; };
		FAEC0A2C2701F791007AD8A8 /* HelperMethods.swift */ = {isa = PBXFileReference; lastKnownFileType = sourcecode.swift; path = HelperMethods.swift; sourceTree = "<group>"; };
		FAEC0A492701FC1C007AD8A8 /* MATextField.swift */ = {isa = PBXFileReference; lastKnownFileType = sourcecode.swift; path = MATextField.swift; sourceTree = "<group>"; };
		FAEC0A4B2701FC50007AD8A8 /* FloatRatingView.swift */ = {isa = PBXFileReference; lastKnownFileType = sourcecode.swift; path = FloatRatingView.swift; sourceTree = "<group>"; };
		FAEC0A522701FF2B007AD8A8 /* ImagePickerManager.swift */ = {isa = PBXFileReference; lastKnownFileType = sourcecode.swift; path = ImagePickerManager.swift; sourceTree = "<group>"; };
/* End PBXFileReference section */

/* Begin PBXFrameworksBuildPhase section */
		FAEC09DE2701F3DB007AD8A8 /* Frameworks */ = {
			isa = PBXFrameworksBuildPhase;
			buildActionMask = 2147483647;
			files = (
				FA42731427B298E300BA25FB /* SDWebImage in Frameworks */,
				FA42731127B298C900BA25FB /* Alamofire in Frameworks */,
			);
			runOnlyForDeploymentPostprocessing = 0;
		};
		FAEC09F42701F3DF007AD8A8 /* Frameworks */ = {
			isa = PBXFrameworksBuildPhase;
			buildActionMask = 2147483647;
			files = (
			);
			runOnlyForDeploymentPostprocessing = 0;
		};
		FAEC09FE2701F3DF007AD8A8 /* Frameworks */ = {
			isa = PBXFrameworksBuildPhase;
			buildActionMask = 2147483647;
			files = (
			);
			runOnlyForDeploymentPostprocessing = 0;
		};
/* End PBXFrameworksBuildPhase section */

/* Begin PBXGroup section */
		FA328F7D2705A03F00561570 /* Resources */ = {
			isa = PBXGroup;
			children = (
				FA4272D927B2951400BA25FB /* Fonts */,
				FAEC09ED2701F3DF007AD8A8 /* Assets.xcassets */,
			);
			path = Resources;
			sourceTree = "<group>";
		};
		FA328F7E2705A05F00561570 /* Views */ = {
			isa = PBXGroup;
			children = (
				FAEC09EF2701F3DF007AD8A8 /* LaunchScreen.storyboard */,
			);
			path = Views;
			sourceTree = "<group>";
		};
		FA328F822705A0B200561570 /* Scenes */ = {
			isa = PBXGroup;
			children = (
				FA328F832705A0C300561570 /* Base */,
				FA42731727B29C4000BA25FB /* Splash */,
				FA42731C27B29CAB00BA25FB /* Home */,
			);
			path = Scenes;
			sourceTree = "<group>";
		};
		FA328F832705A0C300561570 /* Base */ = {
			isa = PBXGroup;
			children = (
				FA42731527B29A8500BA25FB /* NavigationController.swift */,
				FA328F982705B11100561570 /* BaseViewModel.swift */,
				FA328F842705A0DE00561570 /* BaseViewController.swift */,
			);
			path = Base;
			sourceTree = "<group>";
		};
		FA4272D627B294E100BA25FB /* Localization */ = {
			isa = PBXGroup;
			children = (
				FA4272D727B294F700BA25FB /* Localizable.strings */,
			);
			path = Localization;
			sourceTree = "<group>";
		};
		FA4272D927B2951400BA25FB /* Fonts */ = {
			isa = PBXGroup;
			children = (
				FA4272E927B296A600BA25FB /* Poppins-Bold.ttf */,
				FA4272E827B296A500BA25FB /* Poppins-Medium.ttf */,
				FA4272E727B296A500BA25FB /* Poppins-Regular.ttf */,
				FA4272EA27B296A600BA25FB /* Poppins-SemiBold.ttf */,
			);
			path = Fonts;
			sourceTree = "<group>";
		};
		FA4272DA27B2952000BA25FB /* Helper */ = {
			isa = PBXGroup;
			children = (
				FAEC0A202701F5FE007AD8A8 /* Constants.swift */,
				FAEC0A2C2701F791007AD8A8 /* HelperMethods.swift */,
			);
			path = Helper;
			sourceTree = "<group>";
		};
		FA4272DD27B2961C00BA25FB /* DataType */ = {
			isa = PBXGroup;
			children = (
				FA42733A27B2A74E00BA25FB /* NSObject.swift */,
				FA42733C27B2A75C00BA25FB /* Bundle.swift */,
				FA4272DE27B2962700BA25FB /* Int.swift */,
				FA4272E027B2963700BA25FB /* CGFloat.swift */,
				FA4272E227B2964600BA25FB /* String.swift */,
				FA42733827B2A72700BA25FB /* NSMutableAttributedString.swift */,
			);
			path = DataType;
			sourceTree = "<group>";
		};
		FA4272E427B2967100BA25FB /* Attributes */ = {
			isa = PBXGroup;
			children = (
				FA4272E527B2968900BA25FB /* UIFont.swift */,
				FA4272EF27B296B400BA25FB /* UIColor.swift */,
			);
			path = Attributes;
			sourceTree = "<group>";
		};
		FA4272F127B296CD00BA25FB /* UI Elements */ = {
			isa = PBXGroup;
			children = (
				FA4272F227B296DD00BA25FB /* UIApplication.swift */,
				FA4272F427B296EB00BA25FB /* UIView.swift */,
				FA4272F627B296F900BA25FB /* UIViewController.swift */,
				FA4272F827B2970600BA25FB /* UIImageView.swift */,
				FA4272FA27B2971400BA25FB /* UITableView.swift */,
				FA4272FC27B2972000BA25FB /* UICollectionView.swift */,
			);
			path = "UI Elements";
			sourceTree = "<group>";
		};
		FA4272FE27B2975500BA25FB /* UIKit */ = {
			isa = PBXGroup;
			children = (
				FA4272FF27B2975F00BA25FB /* View.swift */,
				FA42730127B2977D00BA25FB /* Label.swift */,
				FA42733627B2A6FC00BA25FB /* TextView.swift */,
				FA42730327B2978B00BA25FB /* Button.swift */,
				FA42730527B2979800BA25FB /* ImageView.swift */,
				FA42733427B2A66300BA25FB /* StackView.swift */,
				FA42730727B297A400BA25FB /* TableView.swift */,
				FA42730927B297BB00BA25FB /* CollectionView.swift */,
			);
			path = UIKit;
			sourceTree = "<group>";
		};
		FA42731727B29C4000BA25FB /* Splash */ = {
			isa = PBXGroup;
			children = (
				FA42731827B29C4E00BA25FB /* SplashViewModel.swift */,
				FA42731A27B29C5C00BA25FB /* SplashViewController.swift */,
			);
			path = Splash;
			sourceTree = "<group>";
		};
		FA42731C27B29CAB00BA25FB /* Home */ = {
			isa = PBXGroup;
			children = (
				FA42731D27B29CBC00BA25FB /* Cell */,
				FA42732027B29CE900BA25FB /* HomeViewModel.swift */,
				FA42732227B29CF800BA25FB /* HomeViewController.swift */,
			);
			path = Home;
			sourceTree = "<group>";
		};
		FA42731D27B29CBC00BA25FB /* Cell */ = {
			isa = PBXGroup;
			children = (
				FA42731E27B29CC500BA25FB /* HomeTableViewCell.swift */,
			);
			path = Cell;
			sourceTree = "<group>";
		};
		FA42732427B29D9200BA25FB /* Service */ = {
			isa = PBXGroup;
			children = (
				FA42732527B29DAF00BA25FB /* BreedService.swift */,
			);
			path = Service;
			sourceTree = "<group>";
		};
		FA42732727B2A15400BA25FB /* Model */ = {
			isa = PBXGroup;
			children = (
				FA42732827B2A17200BA25FB /* Breed.swift */,
			);
			path = Model;
			sourceTree = "<group>";
		};
		FA42732C27B2A55300BA25FB /* ShakeView */ = {
			isa = PBXGroup;
			children = (
				FA42733027B2A58300BA25FB /* ShakeModel.swift */,
				FA42732D27B2A56700BA25FB /* ShakeViewController.swift */,
				FA42733227B2A59E00BA25FB /* RequestDetailViewController.swift */,
			);
			path = ShakeView;
			sourceTree = "<group>";
		};
		FAEC09D82701F3DB007AD8A8 = {
			isa = PBXGroup;
			children = (
				FAEC09E32701F3DB007AD8A8 /* Sample */,
				FAEC09FA2701F3DF007AD8A8 /* SampleTests */,
				FAEC0A042701F3DF007AD8A8 /* SampleUITests */,
				FAEC09E22701F3DB007AD8A8 /* Products */,
			);
			sourceTree = "<group>";
		};
		FAEC09E22701F3DB007AD8A8 /* Products */ = {
			isa = PBXGroup;
			children = (
				FAEC09E12701F3DB007AD8A8 /* Sample.app */,
				FAEC09F72701F3DF007AD8A8 /* SampleTests.xctest */,
				FAEC0A012701F3DF007AD8A8 /* SampleUITests.xctest */,
			);
			name = Products;
			sourceTree = "<group>";
		};
		FAEC09E32701F3DB007AD8A8 /* Sample */ = {
			isa = PBXGroup;
			children = (
				FAEC0A152701F44D007AD8A8 /* Core */,
				FA42732727B2A15400BA25FB /* Model */,
				FA42732427B29D9200BA25FB /* Service */,
				FA328F7E2705A05F00561570 /* Views */,
				FA328F822705A0B200561570 /* Scenes */,
				FAEC09F22701F3DF007AD8A8 /* Info.plist */,
			);
			path = Sample;
			sourceTree = "<group>";
		};
		FAEC09FA2701F3DF007AD8A8 /* SampleTests */ = {
			isa = PBXGroup;
			children = (
				FAEC09FB2701F3DF007AD8A8 /* SampleTests.swift */,
			);
			path = SampleTests;
			sourceTree = "<group>";
		};
		FAEC0A042701F3DF007AD8A8 /* SampleUITests */ = {
			isa = PBXGroup;
			children = (
				FAEC0A052701F3DF007AD8A8 /* SampleUITests.swift */,
				FAEC0A072701F3DF007AD8A8 /* SampleUITestsLaunchTests.swift */,
			);
			path = SampleUITests;
			sourceTree = "<group>";
		};
		FAEC0A142701F417007AD8A8 /* Application */ = {
			isa = PBXGroup;
			children = (
				FAEC09E42701F3DB007AD8A8 /* AppDelegate.swift */,
				FAEC09E62701F3DB007AD8A8 /* SceneDelegate.swift */,
			);
			path = Application;
			sourceTree = "<group>";
		};
		FAEC0A152701F44D007AD8A8 /* Core */ = {
			isa = PBXGroup;
			children = (
				FAEC0A142701F417007AD8A8 /* Application */,
				FAEC0A162701F4A0007AD8A8 /* Networking */,
				FA4272D627B294E100BA25FB /* Localization */,
				FA328F7D2705A03F00561570 /* Resources */,
				FA4272DA27B2952000BA25FB /* Helper */,
				FAEC0A2E2701F7CA007AD8A8 /* Extensions */,
				FAEC0A482701FC0D007AD8A8 /* Extended Modules */,
			);
			path = Core;
			sourceTree = "<group>";
		};
		FAEC0A162701F4A0007AD8A8 /* Networking */ = {
			isa = PBXGroup;
			children = (
				FA4272D227B2894100BA25FB /* NetworkConstants.swift */,
				FA4272D427B294BE00BA25FB /* Service.swift */,
			);
			path = Networking;
			sourceTree = "<group>";
		};
		FAEC0A2E2701F7CA007AD8A8 /* Extensions */ = {
			isa = PBXGroup;
			children = (
				FA4272DD27B2961C00BA25FB /* DataType */,
				FA4272E427B2967100BA25FB /* Attributes */,
				FA4272F127B296CD00BA25FB /* UI Elements */,
			);
			path = Extensions;
			sourceTree = "<group>";
		};
		FAEC0A482701FC0D007AD8A8 /* Extended Modules */ = {
			isa = PBXGroup;
			children = (
				FA4272FE27B2975500BA25FB /* UIKit */,
				FA42732C27B2A55300BA25FB /* ShakeView */,
				FAEC0A522701FF2B007AD8A8 /* ImagePickerManager.swift */,
				FA42730B27B2980900BA25FB /* NavigationManager.swift */,
				FA42732A27B2A26900BA25FB /* AlertController.swift */,
				FA42730D27B2982E00BA25FB /* Spinner.swift */,
				FAEC0A492701FC1C007AD8A8 /* MATextField.swift */,
				FAEC0A4B2701FC50007AD8A8 /* FloatRatingView.swift */,
			);
			path = "Extended Modules";
			sourceTree = "<group>";
		};
/* End PBXGroup section */

/* Begin PBXNativeTarget section */
		FAEC09E02701F3DB007AD8A8 /* Sample */ = {
			isa = PBXNativeTarget;
			buildConfigurationList = FAEC0A0B2701F3DF007AD8A8 /* Build configuration list for PBXNativeTarget "Sample" */;
			buildPhases = (
				FAEC09DD2701F3DB007AD8A8 /* Sources */,
				FAEC09DE2701F3DB007AD8A8 /* Frameworks */,
				FAEC09DF2701F3DB007AD8A8 /* Resources */,
			);
			buildRules = (
			);
			dependencies = (
			);
			name = Sample;
			packageProductDependencies = (
				FA42731027B298C900BA25FB /* Alamofire */,
				FA42731327B298E300BA25FB /* SDWebImage */,
			);
			productName = Sample;
			productReference = FAEC09E12701F3DB007AD8A8 /* Sample.app */;
			productType = "com.apple.product-type.application";
		};
		FAEC09F62701F3DF007AD8A8 /* SampleTests */ = {
			isa = PBXNativeTarget;
			buildConfigurationList = FAEC0A0E2701F3DF007AD8A8 /* Build configuration list for PBXNativeTarget "SampleTests" */;
			buildPhases = (
				448C2B74EC30831B6C4FE55D /* [CP] Check Pods Manifest.lock */,
				FAEC09F32701F3DF007AD8A8 /* Sources */,
				FAEC09F42701F3DF007AD8A8 /* Frameworks */,
				FAEC09F52701F3DF007AD8A8 /* Resources */,
			);
			buildRules = (
			);
			dependencies = (
				FAEC09F92701F3DF007AD8A8 /* PBXTargetDependency */,
			);
			name = SampleTests;
			productName = SampleTests;
			productReference = FAEC09F72701F3DF007AD8A8 /* SampleTests.xctest */;
			productType = "com.apple.product-type.bundle.unit-test";
		};
		FAEC0A002701F3DF007AD8A8 /* SampleUITests */ = {
			isa = PBXNativeTarget;
			buildConfigurationList = FAEC0A112701F3DF007AD8A8 /* Build configuration list for PBXNativeTarget "SampleUITests" */;
			buildPhases = (
				761F448349C8E19962F8B9C7 /* [CP] Check Pods Manifest.lock */,
				FAEC09FD2701F3DF007AD8A8 /* Sources */,
				FAEC09FE2701F3DF007AD8A8 /* Frameworks */,
				FAEC09FF2701F3DF007AD8A8 /* Resources */,
				003C608B7C9EB9738C0BECEC /* [CP] Embed Pods Frameworks */,
			);
			buildRules = (
			);
			dependencies = (
				FAEC0A032701F3DF007AD8A8 /* PBXTargetDependency */,
			);
			name = SampleUITests;
			productName = SampleUITests;
			productReference = FAEC0A012701F3DF007AD8A8 /* SampleUITests.xctest */;
			productType = "com.apple.product-type.bundle.ui-testing";
		};
/* End PBXNativeTarget section */

/* Begin PBXProject section */
		FAEC09D92701F3DB007AD8A8 /* Project object */ = {
			isa = PBXProject;
			attributes = {
				BuildIndependentTargetsInParallel = 1;
				LastSwiftUpdateCheck = 1300;
				LastUpgradeCheck = 1300;
				TargetAttributes = {
					FAEC09E02701F3DB007AD8A8 = {
						CreatedOnToolsVersion = 13.0;
					};
					FAEC09F62701F3DF007AD8A8 = {
						CreatedOnToolsVersion = 13.0;
						TestTargetID = FAEC09E02701F3DB007AD8A8;
					};
					FAEC0A002701F3DF007AD8A8 = {
						CreatedOnToolsVersion = 13.0;
						TestTargetID = FAEC09E02701F3DB007AD8A8;
					};
				};
			};
			buildConfigurationList = FAEC09DC2701F3DB007AD8A8 /* Build configuration list for PBXProject "Sample" */;
			compatibilityVersion = "Xcode 13.0";
			developmentRegion = en;
			hasScannedForEncodings = 0;
			knownRegions = (
				en,
				Base,
			);
			mainGroup = FAEC09D82701F3DB007AD8A8;
			packageReferences = (
				FA42730F27B298C900BA25FB /* XCRemoteSwiftPackageReference "Alamofire" */,
				FA42731227B298E300BA25FB /* XCRemoteSwiftPackageReference "SDWebImage" */,
			);
			productRefGroup = FAEC09E22701F3DB007AD8A8 /* Products */;
			projectDirPath = "";
			projectRoot = "";
			targets = (
				FAEC09E02701F3DB007AD8A8 /* Sample */,
				FAEC09F62701F3DF007AD8A8 /* SampleTests */,
				FAEC0A002701F3DF007AD8A8 /* SampleUITests */,
			);
		};
/* End PBXProject section */

/* Begin PBXResourcesBuildPhase section */
		FAEC09DF2701F3DB007AD8A8 /* Resources */ = {
			isa = PBXResourcesBuildPhase;
			buildActionMask = 2147483647;
			files = (
				FA4272D827B294F700BA25FB /* Localizable.strings in Resources */,
				FA4272EC27B296A600BA25FB /* Poppins-Medium.ttf in Resources */,
				FAEC09F12701F3DF007AD8A8 /* LaunchScreen.storyboard in Resources */,
				FA4272ED27B296A600BA25FB /* Poppins-Bold.ttf in Resources */,
				FA4272EB27B296A600BA25FB /* Poppins-Regular.ttf in Resources */,
				FA4272EE27B296A600BA25FB /* Poppins-SemiBold.ttf in Resources */,
				FAEC09EE2701F3DF007AD8A8 /* Assets.xcassets in Resources */,
			);
			runOnlyForDeploymentPostprocessing = 0;
		};
		FAEC09F52701F3DF007AD8A8 /* Resources */ = {
			isa = PBXResourcesBuildPhase;
			buildActionMask = 2147483647;
			files = (
			);
			runOnlyForDeploymentPostprocessing = 0;
		};
		FAEC09FF2701F3DF007AD8A8 /* Resources */ = {
			isa = PBXResourcesBuildPhase;
			buildActionMask = 2147483647;
			files = (
			);
			runOnlyForDeploymentPostprocessing = 0;
		};
/* End PBXResourcesBuildPhase section */

/* Begin PBXShellScriptBuildPhase section */
		003C608B7C9EB9738C0BECEC /* [CP] Embed Pods Frameworks */ = {
			isa = PBXShellScriptBuildPhase;
			buildActionMask = 2147483647;
			files = (
			);
			inputFileListPaths = (
				"${PODS_ROOT}/Target Support Files/Pods-Sample-SampleUITests/Pods-Sample-SampleUITests-frameworks-${CONFIGURATION}-input-files.xcfilelist",
			);
			name = "[CP] Embed Pods Frameworks";
			outputFileListPaths = (
				"${PODS_ROOT}/Target Support Files/Pods-Sample-SampleUITests/Pods-Sample-SampleUITests-frameworks-${CONFIGURATION}-output-files.xcfilelist",
			);
			runOnlyForDeploymentPostprocessing = 0;
			shellPath = /bin/sh;
			shellScript = "\"${PODS_ROOT}/Target Support Files/Pods-Sample-SampleUITests/Pods-Sample-SampleUITests-frameworks.sh\"\n";
			showEnvVarsInLog = 0;
		};
		448C2B74EC30831B6C4FE55D /* [CP] Check Pods Manifest.lock */ = {
			isa = PBXShellScriptBuildPhase;
			buildActionMask = 2147483647;
			files = (
			);
			inputFileListPaths = (
			);
			inputPaths = (
				"${PODS_PODFILE_DIR_PATH}/Podfile.lock",
				"${PODS_ROOT}/Manifest.lock",
			);
			name = "[CP] Check Pods Manifest.lock";
			outputFileListPaths = (
			);
			outputPaths = (
				"$(DERIVED_FILE_DIR)/Pods-SampleTests-checkManifestLockResult.txt",
			);
			runOnlyForDeploymentPostprocessing = 0;
			shellPath = /bin/sh;
			shellScript = "diff \"${PODS_PODFILE_DIR_PATH}/Podfile.lock\" \"${PODS_ROOT}/Manifest.lock\" > /dev/null\nif [ $? != 0 ] ; then\n    # print error to STDERR\n    echo \"error: The sandbox is not in sync with the Podfile.lock. Run 'pod install' or update your CocoaPods installation.\" >&2\n    exit 1\nfi\n# This output is used by Xcode 'outputs' to avoid re-running this script phase.\necho \"SUCCESS\" > \"${SCRIPT_OUTPUT_FILE_0}\"\n";
			showEnvVarsInLog = 0;
		};
		761F448349C8E19962F8B9C7 /* [CP] Check Pods Manifest.lock */ = {
			isa = PBXShellScriptBuildPhase;
			buildActionMask = 2147483647;
			files = (
			);
			inputFileListPaths = (
			);
			inputPaths = (
				"${PODS_PODFILE_DIR_PATH}/Podfile.lock",
				"${PODS_ROOT}/Manifest.lock",
			);
			name = "[CP] Check Pods Manifest.lock";
			outputFileListPaths = (
			);
			outputPaths = (
				"$(DERIVED_FILE_DIR)/Pods-Sample-SampleUITests-checkManifestLockResult.txt",
			);
			runOnlyForDeploymentPostprocessing = 0;
			shellPath = /bin/sh;
			shellScript = "diff \"${PODS_PODFILE_DIR_PATH}/Podfile.lock\" \"${PODS_ROOT}/Manifest.lock\" > /dev/null\nif [ $? != 0 ] ; then\n    # print error to STDERR\n    echo \"error: The sandbox is not in sync with the Podfile.lock. Run 'pod install' or update your CocoaPods installation.\" >&2\n    exit 1\nfi\n# This output is used by Xcode 'outputs' to avoid re-running this script phase.\necho \"SUCCESS\" > \"${SCRIPT_OUTPUT_FILE_0}\"\n";
			showEnvVarsInLog = 0;
		};
/* End PBXShellScriptBuildPhase section */

/* Begin PBXSourcesBuildPhase section */
		FAEC09DD2701F3DB007AD8A8 /* Sources */ = {
			isa = PBXSourcesBuildPhase;
			buildActionMask = 2147483647;
			files = (
				FA42730C27B2980900BA25FB /* NavigationManager.swift in Sources */,
				FA42733727B2A6FC00BA25FB /* TextView.swift in Sources */,
				FA42731927B29C4E00BA25FB /* SplashViewModel.swift in Sources */,
				FA4272FD27B2972000BA25FB /* UICollectionView.swift in Sources */,
				FA4272F527B296EB00BA25FB /* UIView.swift in Sources */,
				FA42733127B2A58300BA25FB /* ShakeModel.swift in Sources */,
				FA42732B27B2A26900BA25FB /* AlertController.swift in Sources */,
				FA4272F727B296F900BA25FB /* UIViewController.swift in Sources */,
				FA42733927B2A72700BA25FB /* NSMutableAttributedString.swift in Sources */,
				FA42732327B29CF800BA25FB /* HomeViewController.swift in Sources */,
				FAEC0A2D2701F791007AD8A8 /* HelperMethods.swift in Sources */,
				FA42731F27B29CC500BA25FB /* HomeTableViewCell.swift in Sources */,
				FA42732627B29DAF00BA25FB /* BreedService.swift in Sources */,
				FA42731B27B29C5C00BA25FB /* SplashViewController.swift in Sources */,
				FA4272E627B2968900BA25FB /* UIFont.swift in Sources */,
				FA42730E27B2982E00BA25FB /* Spinner.swift in Sources */,
				FA42730227B2977D00BA25FB /* Label.swift in Sources */,
				FA4272F327B296DD00BA25FB /* UIApplication.swift in Sources */,
				FA328F852705A0DE00561570 /* BaseViewController.swift in Sources */,
				FA4272D527B294BE00BA25FB /* Service.swift in Sources */,
				FA42730427B2978B00BA25FB /* Button.swift in Sources */,
				FA4272D327B2894100BA25FB /* NetworkConstants.swift in Sources */,
				FAEC0A532701FF2B007AD8A8 /* ImagePickerManager.swift in Sources */,
				FA42733B27B2A74E00BA25FB /* NSObject.swift in Sources */,
				FA4272DF27B2962700BA25FB /* Int.swift in Sources */,
				FA4272E127B2963700BA25FB /* CGFloat.swift in Sources */,
				FAEC09E52701F3DB007AD8A8 /* AppDelegate.swift in Sources */,
				FA42732127B29CE900BA25FB /* HomeViewModel.swift in Sources */,
				FA42733327B2A59E00BA25FB /* RequestDetailViewController.swift in Sources */,
				FA42730A27B297BB00BA25FB /* CollectionView.swift in Sources */,
				FAEC0A4A2701FC1C007AD8A8 /* MATextField.swift in Sources */,
				FA4272F927B2970600BA25FB /* UIImageView.swift in Sources */,
				FA42730627B2979800BA25FB /* ImageView.swift in Sources */,
				FA4272F027B296B400BA25FB /* UIColor.swift in Sources */,
				FA4272E327B2964600BA25FB /* String.swift in Sources */,
				FAEC09E72701F3DB007AD8A8 /* SceneDelegate.swift in Sources */,
				FA42732927B2A17200BA25FB /* Breed.swift in Sources */,
				FA4272FB27B2971400BA25FB /* UITableView.swift in Sources */,
				FA42731627B29A8500BA25FB /* NavigationController.swift in Sources */,
				FA42730027B2975F00BA25FB /* View.swift in Sources */,
				FA42733527B2A66300BA25FB /* StackView.swift in Sources */,
				FA42730827B297A400BA25FB /* TableView.swift in Sources */,
				FA328F992705B11100561570 /* BaseViewModel.swift in Sources */,
				FA42733D27B2A75C00BA25FB /* Bundle.swift in Sources */,
				FAEC0A212701F5FE007AD8A8 /* Constants.swift in Sources */,
				FAEC0A4C2701FC50007AD8A8 /* FloatRatingView.swift in Sources */,
				FA42732E27B2A56700BA25FB /* ShakeViewController.swift in Sources */,
			);
			runOnlyForDeploymentPostprocessing = 0;
		};
		FAEC09F32701F3DF007AD8A8 /* Sources */ = {
			isa = PBXSourcesBuildPhase;
			buildActionMask = 2147483647;
			files = (
				FAEC09FC2701F3DF007AD8A8 /* SampleTests.swift in Sources */,
			);
			runOnlyForDeploymentPostprocessing = 0;
		};
		FAEC09FD2701F3DF007AD8A8 /* Sources */ = {
			isa = PBXSourcesBuildPhase;
			buildActionMask = 2147483647;
			files = (
				FAEC0A082701F3DF007AD8A8 /* SampleUITestsLaunchTests.swift in Sources */,
				FAEC0A062701F3DF007AD8A8 /* SampleUITests.swift in Sources */,
			);
			runOnlyForDeploymentPostprocessing = 0;
		};
/* End PBXSourcesBuildPhase section */

/* Begin PBXTargetDependency section */
		FAEC09F92701F3DF007AD8A8 /* PBXTargetDependency */ = {
			isa = PBXTargetDependency;
			target = FAEC09E02701F3DB007AD8A8 /* Sample */;
			targetProxy = FAEC09F82701F3DF007AD8A8 /* PBXContainerItemProxy */;
		};
		FAEC0A032701F3DF007AD8A8 /* PBXTargetDependency */ = {
			isa = PBXTargetDependency;
			target = FAEC09E02701F3DB007AD8A8 /* Sample */;
			targetProxy = FAEC0A022701F3DF007AD8A8 /* PBXContainerItemProxy */;
		};
/* End PBXTargetDependency section */

/* Begin PBXVariantGroup section */
		FAEC09EF2701F3DF007AD8A8 /* LaunchScreen.storyboard */ = {
			isa = PBXVariantGroup;
			children = (
				FAEC09F02701F3DF007AD8A8 /* Base */,
			);
			name = LaunchScreen.storyboard;
			sourceTree = "<group>";
		};
/* End PBXVariantGroup section */

/* Begin XCBuildConfiguration section */
		FAEC0A092701F3DF007AD8A8 /* Debug */ = {
			isa = XCBuildConfiguration;
			buildSettings = {
				ALWAYS_SEARCH_USER_PATHS = NO;
				CLANG_ANALYZER_NONNULL = YES;
				CLANG_ANALYZER_NUMBER_OBJECT_CONVERSION = YES_AGGRESSIVE;
				CLANG_CXX_LANGUAGE_STANDARD = "gnu++17";
				CLANG_CXX_LIBRARY = "libc++";
				CLANG_ENABLE_MODULES = YES;
				CLANG_ENABLE_OBJC_ARC = YES;
				CLANG_ENABLE_OBJC_WEAK = YES;
				CLANG_WARN_BLOCK_CAPTURE_AUTORELEASING = YES;
				CLANG_WARN_BOOL_CONVERSION = YES;
				CLANG_WARN_COMMA = YES;
				CLANG_WARN_CONSTANT_CONVERSION = YES;
				CLANG_WARN_DEPRECATED_OBJC_IMPLEMENTATIONS = YES;
				CLANG_WARN_DIRECT_OBJC_ISA_USAGE = YES_ERROR;
				CLANG_WARN_DOCUMENTATION_COMMENTS = YES;
				CLANG_WARN_EMPTY_BODY = YES;
				CLANG_WARN_ENUM_CONVERSION = YES;
				CLANG_WARN_INFINITE_RECURSION = YES;
				CLANG_WARN_INT_CONVERSION = YES;
				CLANG_WARN_NON_LITERAL_NULL_CONVERSION = YES;
				CLANG_WARN_OBJC_IMPLICIT_RETAIN_SELF = YES;
				CLANG_WARN_OBJC_LITERAL_CONVERSION = YES;
				CLANG_WARN_OBJC_ROOT_CLASS = YES_ERROR;
				CLANG_WARN_QUOTED_INCLUDE_IN_FRAMEWORK_HEADER = YES;
				CLANG_WARN_RANGE_LOOP_ANALYSIS = YES;
				CLANG_WARN_STRICT_PROTOTYPES = YES;
				CLANG_WARN_SUSPICIOUS_MOVE = YES;
				CLANG_WARN_UNGUARDED_AVAILABILITY = YES_AGGRESSIVE;
				CLANG_WARN_UNREACHABLE_CODE = YES;
				CLANG_WARN__DUPLICATE_METHOD_MATCH = YES;
				COPY_PHASE_STRIP = NO;
				DEBUG_INFORMATION_FORMAT = dwarf;
				ENABLE_STRICT_OBJC_MSGSEND = YES;
				ENABLE_TESTABILITY = YES;
				GCC_C_LANGUAGE_STANDARD = gnu11;
				GCC_DYNAMIC_NO_PIC = NO;
				GCC_NO_COMMON_BLOCKS = YES;
				GCC_OPTIMIZATION_LEVEL = 0;
				GCC_PREPROCESSOR_DEFINITIONS = (
					"DEBUG=1",
					"$(inherited)",
				);
				GCC_WARN_64_TO_32_BIT_CONVERSION = YES;
				GCC_WARN_ABOUT_RETURN_TYPE = YES_ERROR;
				GCC_WARN_UNDECLARED_SELECTOR = YES;
				GCC_WARN_UNINITIALIZED_AUTOS = YES_AGGRESSIVE;
				GCC_WARN_UNUSED_FUNCTION = YES;
				GCC_WARN_UNUSED_VARIABLE = YES;
				IPHONEOS_DEPLOYMENT_TARGET = 15.0;
				MTL_ENABLE_DEBUG_INFO = INCLUDE_SOURCE;
				MTL_FAST_MATH = YES;
				ONLY_ACTIVE_ARCH = YES;
				SDKROOT = iphoneos;
				SWIFT_ACTIVE_COMPILATION_CONDITIONS = DEBUG;
				SWIFT_OPTIMIZATION_LEVEL = "-Onone";
			};
			name = Debug;
		};
		FAEC0A0A2701F3DF007AD8A8 /* Release */ = {
			isa = XCBuildConfiguration;
			buildSettings = {
				ALWAYS_SEARCH_USER_PATHS = NO;
				CLANG_ANALYZER_NONNULL = YES;
				CLANG_ANALYZER_NUMBER_OBJECT_CONVERSION = YES_AGGRESSIVE;
				CLANG_CXX_LANGUAGE_STANDARD = "gnu++17";
				CLANG_CXX_LIBRARY = "libc++";
				CLANG_ENABLE_MODULES = YES;
				CLANG_ENABLE_OBJC_ARC = YES;
				CLANG_ENABLE_OBJC_WEAK = YES;
				CLANG_WARN_BLOCK_CAPTURE_AUTORELEASING = YES;
				CLANG_WARN_BOOL_CONVERSION = YES;
				CLANG_WARN_COMMA = YES;
				CLANG_WARN_CONSTANT_CONVERSION = YES;
				CLANG_WARN_DEPRECATED_OBJC_IMPLEMENTATIONS = YES;
				CLANG_WARN_DIRECT_OBJC_ISA_USAGE = YES_ERROR;
				CLANG_WARN_DOCUMENTATION_COMMENTS = YES;
				CLANG_WARN_EMPTY_BODY = YES;
				CLANG_WARN_ENUM_CONVERSION = YES;
				CLANG_WARN_INFINITE_RECURSION = YES;
				CLANG_WARN_INT_CONVERSION = YES;
				CLANG_WARN_NON_LITERAL_NULL_CONVERSION = YES;
				CLANG_WARN_OBJC_IMPLICIT_RETAIN_SELF = YES;
				CLANG_WARN_OBJC_LITERAL_CONVERSION = YES;
				CLANG_WARN_OBJC_ROOT_CLASS = YES_ERROR;
				CLANG_WARN_QUOTED_INCLUDE_IN_FRAMEWORK_HEADER = YES;
				CLANG_WARN_RANGE_LOOP_ANALYSIS = YES;
				CLANG_WARN_STRICT_PROTOTYPES = YES;
				CLANG_WARN_SUSPICIOUS_MOVE = YES;
				CLANG_WARN_UNGUARDED_AVAILABILITY = YES_AGGRESSIVE;
				CLANG_WARN_UNREACHABLE_CODE = YES;
				CLANG_WARN__DUPLICATE_METHOD_MATCH = YES;
				COPY_PHASE_STRIP = NO;
				DEBUG_INFORMATION_FORMAT = "dwarf-with-dsym";
				ENABLE_NS_ASSERTIONS = NO;
				ENABLE_STRICT_OBJC_MSGSEND = YES;
				GCC_C_LANGUAGE_STANDARD = gnu11;
				GCC_NO_COMMON_BLOCKS = YES;
				GCC_WARN_64_TO_32_BIT_CONVERSION = YES;
				GCC_WARN_ABOUT_RETURN_TYPE = YES_ERROR;
				GCC_WARN_UNDECLARED_SELECTOR = YES;
				GCC_WARN_UNINITIALIZED_AUTOS = YES_AGGRESSIVE;
				GCC_WARN_UNUSED_FUNCTION = YES;
				GCC_WARN_UNUSED_VARIABLE = YES;
				IPHONEOS_DEPLOYMENT_TARGET = 15.0;
				MTL_ENABLE_DEBUG_INFO = NO;
				MTL_FAST_MATH = YES;
				SDKROOT = iphoneos;
				SWIFT_COMPILATION_MODE = wholemodule;
				SWIFT_OPTIMIZATION_LEVEL = "-O";
				VALIDATE_PRODUCT = YES;
			};
			name = Release;
		};
		FAEC0A0C2701F3DF007AD8A8 /* Debug */ = {
			isa = XCBuildConfiguration;
			buildSettings = {
				ASSETCATALOG_COMPILER_APPICON_NAME = AppIcon;
				ASSETCATALOG_COMPILER_GLOBAL_ACCENT_COLOR_NAME = AccentColor;
				CODE_SIGN_STYLE = Automatic;
				CURRENT_PROJECT_VERSION = 1;
				DEVELOPMENT_TEAM = 32ULYH3LL3;
				GENERATE_INFOPLIST_FILE = YES;
				INFOPLIST_FILE = Sample/Info.plist;
				INFOPLIST_KEY_UIApplicationSupportsIndirectInputEvents = YES;
				INFOPLIST_KEY_UILaunchStoryboardName = LaunchScreen;
				INFOPLIST_KEY_UISupportedInterfaceOrientations_iPad = "UIInterfaceOrientationPortrait UIInterfaceOrientationPortraitUpsideDown UIInterfaceOrientationLandscapeLeft UIInterfaceOrientationLandscapeRight";
				INFOPLIST_KEY_UISupportedInterfaceOrientations_iPhone = "UIInterfaceOrientationPortrait UIInterfaceOrientationLandscapeLeft UIInterfaceOrientationLandscapeRight";
				IPHONEOS_DEPLOYMENT_TARGET = 12.0;
				LD_RUNPATH_SEARCH_PATHS = (
					"$(inherited)",
					"@executable_path/Frameworks",
				);
				MARKETING_VERSION = 1.0;
				PRODUCT_BUNDLE_IDENTIFIER = muneeb.Sample;
				PRODUCT_NAME = "$(TARGET_NAME)";
				SWIFT_EMIT_LOC_STRINGS = YES;
				SWIFT_VERSION = 5.0;
				TARGETED_DEVICE_FAMILY = "1,2";
			};
			name = Debug;
		};
		FAEC0A0D2701F3DF007AD8A8 /* Release */ = {
			isa = XCBuildConfiguration;
			buildSettings = {
				ASSETCATALOG_COMPILER_APPICON_NAME = AppIcon;
				ASSETCATALOG_COMPILER_GLOBAL_ACCENT_COLOR_NAME = AccentColor;
				CODE_SIGN_STYLE = Automatic;
				CURRENT_PROJECT_VERSION = 1;
				DEVELOPMENT_TEAM = 32ULYH3LL3;
				GENERATE_INFOPLIST_FILE = YES;
				INFOPLIST_FILE = Sample/Info.plist;
				INFOPLIST_KEY_UIApplicationSupportsIndirectInputEvents = YES;
				INFOPLIST_KEY_UILaunchStoryboardName = LaunchScreen;
				INFOPLIST_KEY_UISupportedInterfaceOrientations_iPad = "UIInterfaceOrientationPortrait UIInterfaceOrientationPortraitUpsideDown UIInterfaceOrientationLandscapeLeft UIInterfaceOrientationLandscapeRight";
				INFOPLIST_KEY_UISupportedInterfaceOrientations_iPhone = "UIInterfaceOrientationPortrait UIInterfaceOrientationLandscapeLeft UIInterfaceOrientationLandscapeRight";
				IPHONEOS_DEPLOYMENT_TARGET = 12.0;
				LD_RUNPATH_SEARCH_PATHS = (
					"$(inherited)",
					"@executable_path/Frameworks",
				);
				MARKETING_VERSION = 1.0;
				PRODUCT_BUNDLE_IDENTIFIER = muneeb.Sample;
				PRODUCT_NAME = "$(TARGET_NAME)";
				SWIFT_EMIT_LOC_STRINGS = YES;
				SWIFT_VERSION = 5.0;
				TARGETED_DEVICE_FAMILY = "1,2";
			};
			name = Release;
		};
		FAEC0A0F2701F3DF007AD8A8 /* Debug */ = {
			isa = XCBuildConfiguration;
			buildSettings = {
				ALWAYS_EMBED_SWIFT_STANDARD_LIBRARIES = YES;
				BUNDLE_LOADER = "$(TEST_HOST)";
				CODE_SIGN_STYLE = Automatic;
				CURRENT_PROJECT_VERSION = 1;
				DEVELOPMENT_TEAM = 32ULYH3LL3;
				GENERATE_INFOPLIST_FILE = YES;
				IPHONEOS_DEPLOYMENT_TARGET = 15.0;
				LD_RUNPATH_SEARCH_PATHS = (
					"$(inherited)",
					"@executable_path/Frameworks",
					"@loader_path/Frameworks",
				);
				MARKETING_VERSION = 1.0;
				PRODUCT_BUNDLE_IDENTIFIER = muneeb.SampleTests;
				PRODUCT_NAME = "$(TARGET_NAME)";
				SWIFT_EMIT_LOC_STRINGS = NO;
				SWIFT_VERSION = 5.0;
				TARGETED_DEVICE_FAMILY = "1,2";
				TEST_HOST = "$(BUILT_PRODUCTS_DIR)/Sample.app/Sample";
			};
			name = Debug;
		};
		FAEC0A102701F3DF007AD8A8 /* Release */ = {
			isa = XCBuildConfiguration;
			buildSettings = {
				ALWAYS_EMBED_SWIFT_STANDARD_LIBRARIES = YES;
				BUNDLE_LOADER = "$(TEST_HOST)";
				CODE_SIGN_STYLE = Automatic;
				CURRENT_PROJECT_VERSION = 1;
				DEVELOPMENT_TEAM = 32ULYH3LL3;
				GENERATE_INFOPLIST_FILE = YES;
				IPHONEOS_DEPLOYMENT_TARGET = 15.0;
				LD_RUNPATH_SEARCH_PATHS = (
					"$(inherited)",
					"@executable_path/Frameworks",
					"@loader_path/Frameworks",
				);
				MARKETING_VERSION = 1.0;
				PRODUCT_BUNDLE_IDENTIFIER = muneeb.SampleTests;
				PRODUCT_NAME = "$(TARGET_NAME)";
				SWIFT_EMIT_LOC_STRINGS = NO;
				SWIFT_VERSION = 5.0;
				TARGETED_DEVICE_FAMILY = "1,2";
				TEST_HOST = "$(BUILT_PRODUCTS_DIR)/Sample.app/Sample";
			};
			name = Release;
		};
		FAEC0A122701F3DF007AD8A8 /* Debug */ = {
			isa = XCBuildConfiguration;
			buildSettings = {
				ALWAYS_EMBED_SWIFT_STANDARD_LIBRARIES = YES;
				CODE_SIGN_STYLE = Automatic;
				CURRENT_PROJECT_VERSION = 1;
				DEVELOPMENT_TEAM = 32ULYH3LL3;
				GENERATE_INFOPLIST_FILE = YES;
				LD_RUNPATH_SEARCH_PATHS = (
					"$(inherited)",
					"@executable_path/Frameworks",
					"@loader_path/Frameworks",
				);
				MARKETING_VERSION = 1.0;
				PRODUCT_BUNDLE_IDENTIFIER = muneeb.SampleUITests;
				PRODUCT_NAME = "$(TARGET_NAME)";
				SWIFT_EMIT_LOC_STRINGS = NO;
				SWIFT_VERSION = 5.0;
				TARGETED_DEVICE_FAMILY = "1,2";
				TEST_TARGET_NAME = Sample;
			};
			name = Debug;
		};
		FAEC0A132701F3DF007AD8A8 /* Release */ = {
			isa = XCBuildConfiguration;
			buildSettings = {
				ALWAYS_EMBED_SWIFT_STANDARD_LIBRARIES = YES;
				CODE_SIGN_STYLE = Automatic;
				CURRENT_PROJECT_VERSION = 1;
				DEVELOPMENT_TEAM = 32ULYH3LL3;
				GENERATE_INFOPLIST_FILE = YES;
				LD_RUNPATH_SEARCH_PATHS = (
					"$(inherited)",
					"@executable_path/Frameworks",
					"@loader_path/Frameworks",
				);
				MARKETING_VERSION = 1.0;
				PRODUCT_BUNDLE_IDENTIFIER = muneeb.SampleUITests;
				PRODUCT_NAME = "$(TARGET_NAME)";
				SWIFT_EMIT_LOC_STRINGS = NO;
				SWIFT_VERSION = 5.0;
				TARGETED_DEVICE_FAMILY = "1,2";
				TEST_TARGET_NAME = Sample;
			};
			name = Release;
		};
/* End XCBuildConfiguration section */

/* Begin XCConfigurationList section */
		FAEC09DC2701F3DB007AD8A8 /* Build configuration list for PBXProject "Sample" */ = {
			isa = XCConfigurationList;
			buildConfigurations = (
				FAEC0A092701F3DF007AD8A8 /* Debug */,
				FAEC0A0A2701F3DF007AD8A8 /* Release */,
			);
			defaultConfigurationIsVisible = 0;
			defaultConfigurationName = Release;
		};
		FAEC0A0B2701F3DF007AD8A8 /* Build configuration list for PBXNativeTarget "Sample" */ = {
			isa = XCConfigurationList;
			buildConfigurations = (
				FAEC0A0C2701F3DF007AD8A8 /* Debug */,
				FAEC0A0D2701F3DF007AD8A8 /* Release */,
			);
			defaultConfigurationIsVisible = 0;
			defaultConfigurationName = Release;
		};
		FAEC0A0E2701F3DF007AD8A8 /* Build configuration list for PBXNativeTarget "SampleTests" */ = {
			isa = XCConfigurationList;
			buildConfigurations = (
				FAEC0A0F2701F3DF007AD8A8 /* Debug */,
				FAEC0A102701F3DF007AD8A8 /* Release */,
			);
			defaultConfigurationIsVisible = 0;
			defaultConfigurationName = Release;
		};
		FAEC0A112701F3DF007AD8A8 /* Build configuration list for PBXNativeTarget "SampleUITests" */ = {
			isa = XCConfigurationList;
			buildConfigurations = (
				FAEC0A122701F3DF007AD8A8 /* Debug */,
				FAEC0A132701F3DF007AD8A8 /* Release */,
			);
			defaultConfigurationIsVisible = 0;
			defaultConfigurationName = Release;
		};
/* End XCConfigurationList section */

/* Begin XCRemoteSwiftPackageReference section */
		FA42730F27B298C900BA25FB /* XCRemoteSwiftPackageReference "Alamofire" */ = {
			isa = XCRemoteSwiftPackageReference;
			repositoryURL = "https://github.com/Alamofire/Alamofire.git";
			requirement = {
				kind = upToNextMajorVersion;
				minimumVersion = 5.5.0;
			};
		};
		FA42731227B298E300BA25FB /* XCRemoteSwiftPackageReference "SDWebImage" */ = {
			isa = XCRemoteSwiftPackageReference;
			repositoryURL = "https://github.com/SDWebImage/SDWebImage.git";
			requirement = {
				kind = upToNextMajorVersion;
				minimumVersion = 5.1.0;
			};
		};
/* End XCRemoteSwiftPackageReference section */

/* Begin XCSwiftPackageProductDependency section */
		FA42731027B298C900BA25FB /* Alamofire */ = {
			isa = XCSwiftPackageProductDependency;
			package = FA42730F27B298C900BA25FB /* XCRemoteSwiftPackageReference "Alamofire" */;
			productName = Alamofire;
		};
		FA42731327B298E300BA25FB /* SDWebImage */ = {
			isa = XCSwiftPackageProductDependency;
			package = FA42731227B298E300BA25FB /* XCRemoteSwiftPackageReference "SDWebImage" */;
			productName = SDWebImage;
		};
/* End XCSwiftPackageProductDependency section */
	};
	rootObject = FAEC09D92701F3DB007AD8A8 /* Project object */;
}
